Microsoft Visual Studio Solution File, Format Version 12.00
# Visual Studio Version 17
VisualStudioVersion = 17.8.34004.107
MinimumVisualStudioVersion = 10.0.40219.1
Project("{9A19103F-16F7-4668-BE54-9A1E7A4F7556}") = "TnTComponents", "TnTComponents\TnTComponents.csproj", "{9EC60911-4687-4068-AED4-23CDDDBC77A9}"
EndProject
Project("{9A19103F-16F7-4668-BE54-9A1E7A4F7556}") = "LiveTest", "LiveTest\LiveTest\LiveTest.csproj", "{4A917DE1-12C0-4A34-B955-3D04E0A82473}"
EndProject
Project("{9A19103F-16F7-4668-BE54-9A1E7A4F7556}") = "LiveTest.Client", "LiveTest\LiveTest.Client\LiveTest.Client.csproj", "{23EBCC71-792A-45FD-90AA-67F9CFE2C90D}"
EndProject
Project("{2150E333-8FDC-42A3-9474-1A3956D46DE8}") = "Solution Items", "Solution Items", "{F4F5CA92-1A58-4C80-9862-040E79F81501}"
	ProjectSection(SolutionItems) = preProject
		.editorconfig = .editorconfig
	EndProjectSection
EndProject
Project("{FAE04EC0-301F-11D3-BF4B-00C04F79EFBC}") = "TnTComponents.AspNetCore", "TnTComponents.AspNetCore\TnTComponents.AspNetCore.csproj", "{4CB02CE8-EB7F-4D2D-8918-04B4BC25C023}"
EndProject
Global
	GlobalSection(SolutionConfigurationPlatforms) = preSolution
		Debug|Any CPU = Debug|Any CPU
		Release|Any CPU = Release|Any CPU
	EndGlobalSection
	GlobalSection(ProjectConfigurationPlatforms) = postSolution
		{9EC60911-4687-4068-AED4-23CDDDBC77A9}.Debug|Any CPU.ActiveCfg = Debug|Any CPU
		{9EC60911-4687-4068-AED4-23CDDDBC77A9}.Debug|Any CPU.Build.0 = Debug|Any CPU
		{9EC60911-4687-4068-AED4-23CDDDBC77A9}.Release|Any CPU.ActiveCfg = Release|Any CPU
		{9EC60911-4687-4068-AED4-23CDDDBC77A9}.Release|Any CPU.Build.0 = Release|Any CPU
		{4A917DE1-12C0-4A34-B955-3D04E0A82473}.Debug|Any CPU.ActiveCfg = Debug|Any CPU
		{4A917DE1-12C0-4A34-B955-3D04E0A82473}.Debug|Any CPU.Build.0 = Debug|Any CPU
		{4A917DE1-12C0-4A34-B955-3D04E0A82473}.Release|Any CPU.ActiveCfg = Release|Any CPU
		{4A917DE1-12C0-4A34-B955-3D04E0A82473}.Release|Any CPU.Build.0 = Release|Any CPU
		{23EBCC71-792A-45FD-90AA-67F9CFE2C90D}.Debug|Any CPU.ActiveCfg = Debug|Any CPU
		{23EBCC71-792A-45FD-90AA-67F9CFE2C90D}.Debug|Any CPU.Build.0 = Debug|Any CPU
		{23EBCC71-792A-45FD-90AA-67F9CFE2C90D}.Release|Any CPU.ActiveCfg = Release|Any CPU
		{23EBCC71-792A-45FD-90AA-67F9CFE2C90D}.Release|Any CPU.Build.0 = Release|Any CPU
		{4CB02CE8-EB7F-4D2D-8918-04B4BC25C023}.Debug|Any CPU.ActiveCfg = Debug|Any CPU
		{4CB02CE8-EB7F-4D2D-8918-04B4BC25C023}.Debug|Any CPU.Build.0 = Debug|Any CPU
		{4CB02CE8-EB7F-4D2D-8918-04B4BC25C023}.Release|Any CPU.ActiveCfg = Release|Any CPU
		{4CB02CE8-EB7F-4D2D-8918-04B4BC25C023}.Release|Any CPU.Build.0 = Release|Any CPU
	EndGlobalSection
	GlobalSection(SolutionProperties) = preSolution
		HideSolutionNode = FALSE
	EndGlobalSection
	GlobalSection(ExtensibilityGlobals) = postSolution
		SolutionGuid = {8EBF358C-C544-4F1E-BC46-165E5ACF38F3}
	EndGlobalSection
EndGlobal
